// !$*UTF8*$!
{
	archiveVersion = 1;
	classes = {
	};
	objectVersion = 56;
	objects = {

/* Begin PBXBuildFile section */
		6400FA9E2B626647003FA371 /* FoodView.swift in Sources */ = {isa = PBXBuildFile; fileRef = 6400FA9D2B626647003FA371 /* FoodView.swift */; };
		6460F5D92B5E9AF10046642D /* Pet.swift in Sources */ = {isa = PBXBuildFile; fileRef = 6460F5D82B5E9AF10046642D /* Pet.swift */; };
		6460F5DB2B5E9AFD0046642D /* Food.swift in Sources */ = {isa = PBXBuildFile; fileRef = 6460F5DA2B5E9AFD0046642D /* Food.swift */; };
		6460F5DD2B5E9B530046642D /* ModelFactory.swift in Sources */ = {isa = PBXBuildFile; fileRef = 6460F5DC2B5E9B530046642D /* ModelFactory.swift */; };
		64F986502B5ABE2700B869F5 /* SwiftDataTestApp.swift in Sources */ = {isa = PBXBuildFile; fileRef = 64F9864F2B5ABE2700B869F5 /* SwiftDataTestApp.swift */; };
		64F986522B5ABE2700B869F5 /* PeopleListView.swift in Sources */ = {isa = PBXBuildFile; fileRef = 64F986512B5ABE2700B869F5 /* PeopleListView.swift */; };
		64F986542B5ABE2800B869F5 /* Assets.xcassets in Resources */ = {isa = PBXBuildFile; fileRef = 64F986532B5ABE2800B869F5 /* Assets.xcassets */; };
		64F986572B5ABE2800B869F5 /* Preview Assets.xcassets in Resources */ = {isa = PBXBuildFile; fileRef = 64F986562B5ABE2800B869F5 /* Preview Assets.xcassets */; };
		64F9865E2B5ABE5100B869F5 /* Person.swift in Sources */ = {isa = PBXBuildFile; fileRef = 64F9865D2B5ABE5100B869F5 /* Person.swift */; };
		64F986602B5ABFB800B869F5 /* Preview.swift in Sources */ = {isa = PBXBuildFile; fileRef = 64F9865F2B5ABFB800B869F5 /* Preview.swift */; };
		64F986622B5AC54600B869F5 /* PersonView.swift in Sources */ = {isa = PBXBuildFile; fileRef = 64F986612B5AC54600B869F5 /* PersonView.swift */; };
		64F986642B5AC7A900B869F5 /* PetView.swift in Sources */ = {isa = PBXBuildFile; fileRef = 64F986632B5AC7A900B869F5 /* PetView.swift */; };
/* End PBXBuildFile section */

/* Begin PBXFileReference section */
		6400FA9D2B626647003FA371 /* FoodView.swift */ = {isa = PBXFileReference; lastKnownFileType = sourcecode.swift; path = FoodView.swift; sourceTree = "<group>"; };
		6460F5D82B5E9AF10046642D /* Pet.swift */ = {isa = PBXFileReference; lastKnownFileType = sourcecode.swift; path = Pet.swift; sourceTree = "<group>"; };
		6460F5DA2B5E9AFD0046642D /* Food.swift */ = {isa = PBXFileReference; lastKnownFileType = sourcecode.swift; path = Food.swift; sourceTree = "<group>"; };
		6460F5DC2B5E9B530046642D /* ModelFactory.swift */ = {isa = PBXFileReference; lastKnownFileType = sourcecode.swift; path = ModelFactory.swift; sourceTree = "<group>"; };
		6479571D2B5E99D500DA5FCF /* README.md */ = {isa = PBXFileReference; lastKnownFileType = net.daringfireball.markdown; path = README.md; sourceTree = "<group>"; };
		64F9864C2B5ABE2700B869F5 /* SwiftDataTest.app */ = {isa = PBXFileReference; explicitFileType = wrapper.application; includeInIndex = 0; path = SwiftDataTest.app; sourceTree = BUILT_PRODUCTS_DIR; };
		64F9864F2B5ABE2700B869F5 /* SwiftDataTestApp.swift */ = {isa = PBXFileReference; lastKnownFileType = sourcecode.swift; path = SwiftDataTestApp.swift; sourceTree = "<group>"; };
		64F986512B5ABE2700B869F5 /* PeopleListView.swift */ = {isa = PBXFileReference; lastKnownFileType = sourcecode.swift; path = PeopleListView.swift; sourceTree = "<group>"; };
		64F986532B5ABE2800B869F5 /* Assets.xcassets */ = {isa = PBXFileReference; lastKnownFileType = folder.assetcatalog; path = Assets.xcassets; sourceTree = "<group>"; };
		64F986562B5ABE2800B869F5 /* Preview Assets.xcassets */ = {isa = PBXFileReference; lastKnownFileType = folder.assetcatalog; path = "Preview Assets.xcassets"; sourceTree = "<group>"; };
		64F9865D2B5ABE5100B869F5 /* Person.swift */ = {isa = PBXFileReference; lastKnownFileType = sourcecode.swift; path = Person.swift; sourceTree = "<group>"; };
		64F9865F2B5ABFB800B869F5 /* Preview.swift */ = {isa = PBXFileReference; lastKnownFileType = sourcecode.swift; path = Preview.swift; sourceTree = "<group>"; };
		64F986612B5AC54600B869F5 /* PersonView.swift */ = {isa = PBXFileReference; lastKnownFileType = sourcecode.swift; path = PersonView.swift; sourceTree = "<group>"; };
		64F986632B5AC7A900B869F5 /* PetView.swift */ = {isa = PBXFileReference; lastKnownFileType = sourcecode.swift; path = PetView.swift; sourceTree = "<group>"; };
/* End PBXFileReference section */

/* Begin PBXFrameworksBuildPhase section */
		64F986492B5ABE2700B869F5 /* Frameworks */ = {
			isa = PBXFrameworksBuildPhase;
			buildActionMask = 2147483647;
			files = (
			);
			runOnlyForDeploymentPostprocessing = 0;
		};
/* End PBXFrameworksBuildPhase section */

/* Begin PBXGroup section */
		6460F5D72B5E9A7B0046642D /* Models */ = {
			isa = PBXGroup;
			children = (
				64F9865D2B5ABE5100B869F5 /* Person.swift */,
				6460F5D82B5E9AF10046642D /* Pet.swift */,
				6460F5DA2B5E9AFD0046642D /* Food.swift */,
				6460F5DC2B5E9B530046642D /* ModelFactory.swift */,
			);
			path = Models;
			sourceTree = "<group>";
		};
		6479571E2B5E9A1600DA5FCF /* Views */ = {
			isa = PBXGroup;
			children = (
				64F986512B5ABE2700B869F5 /* PeopleListView.swift */,
				64F986612B5AC54600B869F5 /* PersonView.swift */,
				64F986632B5AC7A900B869F5 /* PetView.swift */,
				6400FA9D2B626647003FA371 /* FoodView.swift */,
			);
			path = Views;
			sourceTree = "<group>";
		};
		64F986432B5ABE2700B869F5 = {
			isa = PBXGroup;
			children = (
				6479571D2B5E99D500DA5FCF /* README.md */,
				64F9864E2B5ABE2700B869F5 /* SwiftDataTest */,
				64F9864D2B5ABE2700B869F5 /* Products */,
			);
			sourceTree = "<group>";
		};
		64F9864D2B5ABE2700B869F5 /* Products */ = {
			isa = PBXGroup;
			children = (
				64F9864C2B5ABE2700B869F5 /* SwiftDataTest.app */,
			);
			name = Products;
			sourceTree = "<group>";
		};
		64F9864E2B5ABE2700B869F5 /* SwiftDataTest */ = {
			isa = PBXGroup;
			children = (
				64F9864F2B5ABE2700B869F5 /* SwiftDataTestApp.swift */,
				64F9865F2B5ABFB800B869F5 /* Preview.swift */,
				6460F5D72B5E9A7B0046642D /* Models */,
				6479571E2B5E9A1600DA5FCF /* Views */,
				64F986532B5ABE2800B869F5 /* Assets.xcassets */,
				64F986552B5ABE2800B869F5 /* Preview Content */,
			);
			path = SwiftDataTest;
			sourceTree = "<group>";
		};
		64F986552B5ABE2800B869F5 /* Preview Content */ = {
			isa = PBXGroup;
			children = (
				64F986562B5ABE2800B869F5 /* Preview Assets.xcassets */,
			);
			path = "Preview Content";
			sourceTree = "<group>";
		};
/* End PBXGroup section */

/* Begin PBXNativeTarget section */
		64F9864B2B5ABE2700B869F5 /* SwiftDataTest */ = {
			isa = PBXNativeTarget;
			buildConfigurationList = 64F9865A2B5ABE2800B869F5 /* Build configuration list for PBXNativeTarget "SwiftDataTest" */;
			buildPhases = (
				64F986482B5ABE2700B869F5 /* Sources */,
				64F986492B5ABE2700B869F5 /* Frameworks */,
				64F9864A2B5ABE2700B869F5 /* Resources */,
			);
			buildRules = (
			);
			dependencies = (
			);
			name = SwiftDataTest;
			productName = ThrowAway;
			productReference = 64F9864C2B5ABE2700B869F5 /* SwiftDataTest.app */;
			productType = "com.apple.product-type.application";
		};
/* End PBXNativeTarget section */

/* Begin PBXProject section */
		64F986442B5ABE2700B869F5 /* Project object */ = {
			isa = PBXProject;
			attributes = {
				BuildIndependentTargetsInParallel = 1;
				LastSwiftUpdateCheck = 1520;
				LastUpgradeCheck = 1520;
				TargetAttributes = {
					64F9864B2B5ABE2700B869F5 = {
						CreatedOnToolsVersion = 15.2;
					};
				};
			};
			buildConfigurationList = 64F986472B5ABE2700B869F5 /* Build configuration list for PBXProject "SwiftDataTest" */;
			compatibilityVersion = "Xcode 14.0";
			developmentRegion = en;
			hasScannedForEncodings = 0;
			knownRegions = (
				en,
				Base,
			);
			mainGroup = 64F986432B5ABE2700B869F5;
			productRefGroup = 64F9864D2B5ABE2700B869F5 /* Products */;
			projectDirPath = "";
			projectRoot = "";
			targets = (
				64F9864B2B5ABE2700B869F5 /* SwiftDataTest */,
			);
		};
/* End PBXProject section */

/* Begin PBXResourcesBuildPhase section */
		64F9864A2B5ABE2700B869F5 /* Resources */ = {
			isa = PBXResourcesBuildPhase;
			buildActionMask = 2147483647;
			files = (
				64F986572B5ABE2800B869F5 /* Preview Assets.xcassets in Resources */,
				64F986542B5ABE2800B869F5 /* Assets.xcassets in Resources */,
			);
			runOnlyForDeploymentPostprocessing = 0;
		};
/* End PBXResourcesBuildPhase section */

/* Begin PBXSourcesBuildPhase section */
		64F986482B5ABE2700B869F5 /* Sources */ = {
			isa = PBXSourcesBuildPhase;
			buildActionMask = 2147483647;
			files = (
				6460F5D92B5E9AF10046642D /* Pet.swift in Sources */,
				6460F5DB2B5E9AFD0046642D /* Food.swift in Sources */,
				64F986642B5AC7A900B869F5 /* PetView.swift in Sources */,
				64F986622B5AC54600B869F5 /* PersonView.swift in Sources */,
				64F9865E2B5ABE5100B869F5 /* Person.swift in Sources */,
				6460F5DD2B5E9B530046642D /* ModelFactory.swift in Sources */,
				6400FA9E2B626647003FA371 /* FoodView.swift in Sources */,
				64F986522B5ABE2700B869F5 /* PeopleListView.swift in Sources */,
				64F986602B5ABFB800B869F5 /* Preview.swift in Sources */,
				64F986502B5ABE2700B869F5 /* SwiftDataTestApp.swift in Sources */,
			);
			runOnlyForDeploymentPostprocessing = 0;
		};
/* End PBXSourcesBuildPhase section */

/* Begin XCBuildConfiguration section */
		64F986582B5ABE2800B869F5 /* Debug */ = {
			isa = XCBuildConfiguration;
			buildSettings = {
				ALWAYS_SEARCH_USER_PATHS = NO;
				ASSETCATALOG_COMPILER_GENERATE_SWIFT_ASSET_SYMBOL_EXTENSIONS = YES;
				CLANG_ANALYZER_NONNULL = YES;
				CLANG_ANALYZER_NUMBER_OBJECT_CONVERSION = YES_AGGRESSIVE;
				CLANG_CXX_LANGUAGE_STANDARD = "gnu++20";
				CLANG_ENABLE_MODULES = YES;
				CLANG_ENABLE_OBJC_ARC = YES;
				CLANG_ENABLE_OBJC_WEAK = YES;
				CLANG_WARN_BLOCK_CAPTURE_AUTORELEASING = YES;
				CLANG_WARN_BOOL_CONVERSION = YES;
				CLANG_WARN_COMMA = YES;
				CLANG_WARN_CONSTANT_CONVERSION = YES;
				CLANG_WARN_DEPRECATED_OBJC_IMPLEMENTATIONS = YES;
				CLANG_WARN_DIRECT_OBJC_ISA_USAGE = YES_ERROR;
				CLANG_WARN_DOCUMENTATION_COMMENTS = YES;
				CLANG_WARN_EMPTY_BODY = YES;
				CLANG_WARN_ENUM_CONVERSION = YES;
				CLANG_WARN_INFINITE_RECURSION = YES;
				CLANG_WARN_INT_CONVERSION = YES;
				CLANG_WARN_NON_LITERAL_NULL_CONVERSION = YES;
				CLANG_WARN_OBJC_IMPLICIT_RETAIN_SELF = YES;
				CLANG_WARN_OBJC_LITERAL_CONVERSION = YES;
				CLANG_WARN_OBJC_ROOT_CLASS = YES_ERROR;
				CLANG_WARN_QUOTED_INCLUDE_IN_FRAMEWORK_HEADER = YES;
				CLANG_WARN_RANGE_LOOP_ANALYSIS = YES;
				CLANG_WARN_STRICT_PROTOTYPES = YES;
				CLANG_WARN_SUSPICIOUS_MOVE = YES;
				CLANG_WARN_UNGUARDED_AVAILABILITY = YES_AGGRESSIVE;
				CLANG_WARN_UNREACHABLE_CODE = YES;
				CLANG_WARN__DUPLICATE_METHOD_MATCH = YES;
				COPY_PHASE_STRIP = NO;
				DEBUG_INFORMATION_FORMAT = dwarf;
				ENABLE_STRICT_OBJC_MSGSEND = YES;
				ENABLE_TESTABILITY = YES;
				ENABLE_USER_SCRIPT_SANDBOXING = YES;
				GCC_C_LANGUAGE_STANDARD = gnu17;
				GCC_DYNAMIC_NO_PIC = NO;
				GCC_NO_COMMON_BLOCKS = YES;
				GCC_OPTIMIZATION_LEVEL = 0;
				GCC_PREPROCESSOR_DEFINITIONS = (
					"DEBUG=1",
					"$(inherited)",
				);
				GCC_WARN_64_TO_32_BIT_CONVERSION = YES;
				GCC_WARN_ABOUT_RETURN_TYPE = YES_ERROR;
				GCC_WARN_UNDECLARED_SELECTOR = YES;
				GCC_WARN_UNINITIALIZED_AUTOS = YES_AGGRESSIVE;
				GCC_WARN_UNUSED_FUNCTION = YES;
				GCC_WARN_UNUSED_VARIABLE = YES;
				IPHONEOS_DEPLOYMENT_TARGET = 17.2;
				LOCALIZATION_PREFERS_STRING_CATALOGS = YES;
				MTL_ENABLE_DEBUG_INFO = INCLUDE_SOURCE;
				MTL_FAST_MATH = YES;
				ONLY_ACTIVE_ARCH = YES;
				SDKROOT = iphoneos;
				SWIFT_ACTIVE_COMPILATION_CONDITIONS = "DEBUG $(inherited)";
				SWIFT_OPTIMIZATION_LEVEL = "-Onone";
			};
			name = Debug;
		};
		64F986592B5ABE2800B869F5 /* Release */ = {
			isa = XCBuildConfiguration;
			buildSettings = {
				ALWAYS_SEARCH_USER_PATHS = NO;
				ASSETCATALOG_COMPILER_GENERATE_SWIFT_ASSET_SYMBOL_EXTENSIONS = YES;
				CLANG_ANALYZER_NONNULL = YES;
				CLANG_ANALYZER_NUMBER_OBJECT_CONVERSION = YES_AGGRESSIVE;
				CLANG_CXX_LANGUAGE_STANDARD = "gnu++20";
				CLANG_ENABLE_MODULES = YES;
				CLANG_ENABLE_OBJC_ARC = YES;
				CLANG_ENABLE_OBJC_WEAK = YES;
				CLANG_WARN_BLOCK_CAPTURE_AUTORELEASING = YES;
				CLANG_WARN_BOOL_CONVERSION = YES;
				CLANG_WARN_COMMA = YES;
				CLANG_WARN_CONSTANT_CONVERSION = YES;
				CLANG_WARN_DEPRECATED_OBJC_IMPLEMENTATIONS = YES;
				CLANG_WARN_DIRECT_OBJC_ISA_USAGE = YES_ERROR;
				CLANG_WARN_DOCUMENTATION_COMMENTS = YES;
				CLANG_WARN_EMPTY_BODY = YES;
				CLANG_WARN_ENUM_CONVERSION = YES;
				CLANG_WARN_INFINITE_RECURSION = YES;
				CLANG_WARN_INT_CONVERSION = YES;
				CLANG_WARN_NON_LITERAL_NULL_CONVERSION = YES;
				CLANG_WARN_OBJC_IMPLICIT_RETAIN_SELF = YES;
				CLANG_WARN_OBJC_LITERAL_CONVERSION = YES;
				CLANG_WARN_OBJC_ROOT_CLASS = YES_ERROR;
				CLANG_WARN_QUOTED_INCLUDE_IN_FRAMEWORK_HEADER = YES;
				CLANG_WARN_RANGE_LOOP_ANALYSIS = YES;
				CLANG_WARN_STRICT_PROTOTYPES = YES;
				CLANG_WARN_SUSPICIOUS_MOVE = YES;
				CLANG_WARN_UNGUARDED_AVAILABILITY = YES_AGGRESSIVE;
				CLANG_WARN_UNREACHABLE_CODE = YES;
				CLANG_WARN__DUPLICATE_METHOD_MATCH = YES;
				COPY_PHASE_STRIP = NO;
				DEBUG_INFORMATION_FORMAT = "dwarf-with-dsym";
				ENABLE_NS_ASSERTIONS = NO;
				ENABLE_STRICT_OBJC_MSGSEND = YES;
				ENABLE_USER_SCRIPT_SANDBOXING = YES;
				GCC_C_LANGUAGE_STANDARD = gnu17;
				GCC_NO_COMMON_BLOCKS = YES;
				GCC_WARN_64_TO_32_BIT_CONVERSION = YES;
				GCC_WARN_ABOUT_RETURN_TYPE = YES_ERROR;
				GCC_WARN_UNDECLARED_SELECTOR = YES;
				GCC_WARN_UNINITIALIZED_AUTOS = YES_AGGRESSIVE;
				GCC_WARN_UNUSED_FUNCTION = YES;
				GCC_WARN_UNUSED_VARIABLE = YES;
				IPHONEOS_DEPLOYMENT_TARGET = 17.2;
				LOCALIZATION_PREFERS_STRING_CATALOGS = YES;
				MTL_ENABLE_DEBUG_INFO = NO;
				MTL_FAST_MATH = YES;
				SDKROOT = iphoneos;
				SWIFT_COMPILATION_MODE = wholemodule;
				VALIDATE_PRODUCT = YES;
			};
			name = Release;
		};
		64F9865B2B5ABE2800B869F5 /* Debug */ = {
			isa = XCBuildConfiguration;
			buildSettings = {
				ASSETCATALOG_COMPILER_APPICON_NAME = AppIcon;
				ASSETCATALOG_COMPILER_GLOBAL_ACCENT_COLOR_NAME = AccentColor;
				CODE_SIGN_STYLE = Automatic;
				CURRENT_PROJECT_VERSION = 1;
				DEVELOPMENT_ASSET_PATHS = "\"SwiftDataTest/Preview Content\"";
				DEVELOPMENT_TEAM = N324PDC8MD;
				ENABLE_PREVIEWS = YES;
				GENERATE_INFOPLIST_FILE = YES;
				INFOPLIST_KEY_UIApplicationSceneManifest_Generation = YES;
				INFOPLIST_KEY_UIApplicationSupportsIndirectInputEvents = YES;
				INFOPLIST_KEY_UILaunchScreen_Generation = YES;
				INFOPLIST_KEY_UISupportedInterfaceOrientations_iPad = "UIInterfaceOrientationPortrait UIInterfaceOrientationPortraitUpsideDown UIInterfaceOrientationLandscapeLeft UIInterfaceOrientationLandscapeRight";
				INFOPLIST_KEY_UISupportedInterfaceOrientations_iPhone = "UIInterfaceOrientationPortrait UIInterfaceOrientationLandscapeLeft UIInterfaceOrientationLandscapeRight";
				IPHONEOS_DEPLOYMENT_TARGET = 17.2;
				LD_RUNPATH_SEARCH_PATHS = (
					"$(inherited)",
					"@executable_path/Frameworks",
				);
				MARKETING_VERSION = 1.0;
				PRODUCT_BUNDLE_IDENTIFIER = com.hekuli.ThrowAway;
				PRODUCT_NAME = "$(TARGET_NAME)";
				SUPPORTED_PLATFORMS = "iphoneos iphonesimulator";
				SUPPORTS_MACCATALYST = NO;
				SUPPORTS_MAC_DESIGNED_FOR_IPHONE_IPAD = NO;
				SUPPORTS_XR_DESIGNED_FOR_IPHONE_IPAD = NO;
				SWIFT_EMIT_LOC_STRINGS = YES;
				SWIFT_VERSION = 5.0;
				TARGETED_DEVICE_FAMILY = "1,2";
			};
			name = Debug;
		};
		64F9865C2B5ABE2800B869F5 /* Release */ = {
			isa = XCBuildConfiguration;
			buildSettings = {
				ASSETCATALOG_COMPILER_APPICON_NAME = AppIcon;
				ASSETCATALOG_COMPILER_GLOBAL_ACCENT_COLOR_NAME = AccentColor;
				CODE_SIGN_STYLE = Automatic;
				CURRENT_PROJECT_VERSION = 1;
				DEVELOPMENT_ASSET_PATHS = "\"SwiftDataTest/Preview Content\"";
				DEVELOPMENT_TEAM = N324PDC8MD;
				ENABLE_PREVIEWS = YES;
				GENERATE_INFOPLIST_FILE = YES;
				INFOPLIST_KEY_UIApplicationSceneManifest_Generation = YES;
				INFOPLIST_KEY_UIApplicationSupportsIndirectInputEvents = YES;
				INFOPLIST_KEY_UILaunchScreen_Generation = YES;
				INFOPLIST_KEY_UISupportedInterfaceOrientations_iPad = "UIInterfaceOrientationPortrait UIInterfaceOrientationPortraitUpsideDown UIInterfaceOrientationLandscapeLeft UIInterfaceOrientationLandscapeRight";
				INFOPLIST_KEY_UISupportedInterfaceOrientations_iPhone = "UIInterfaceOrientationPortrait UIInterfaceOrientationLandscapeLeft UIInterfaceOrientationLandscapeRight";
				IPHONEOS_DEPLOYMENT_TARGET = 17.2;
				LD_RUNPATH_SEARCH_PATHS = (
					"$(inherited)",
					"@executable_path/Frameworks",
				);
				MARKETING_VERSION = 1.0;
				PRODUCT_BUNDLE_IDENTIFIER = com.hekuli.ThrowAway;
				PRODUCT_NAME = "$(TARGET_NAME)";
				SUPPORTED_PLATFORMS = "iphoneos iphonesimulator";
				SUPPORTS_MACCATALYST = NO;
				SUPPORTS_MAC_DESIGNED_FOR_IPHONE_IPAD = NO;
				SUPPORTS_XR_DESIGNED_FOR_IPHONE_IPAD = NO;
				SWIFT_EMIT_LOC_STRINGS = YES;
				SWIFT_VERSION = 5.0;
				TARGETED_DEVICE_FAMILY = "1,2";
			};
			name = Release;
		};
/* End XCBuildConfiguration section */

/* Begin XCConfigurationList section */
		64F986472B5ABE2700B869F5 /* Build configuration list for PBXProject "SwiftDataTest" */ = {
			isa = XCConfigurationList;
			buildConfigurations = (
				64F986582B5ABE2800B869F5 /* Debug */,
				64F986592B5ABE2800B869F5 /* Release */,
			);
			defaultConfigurationIsVisible = 0;
			defaultConfigurationName = Release;
		};
		64F9865A2B5ABE2800B869F5 /* Build configuration list for PBXNativeTarget "SwiftDataTest" */ = {
			isa = XCConfigurationList;
			buildConfigurations = (
				64F9865B2B5ABE2800B869F5 /* Debug */,
				64F9865C2B5ABE2800B869F5 /* Release */,
			);
			defaultConfigurationIsVisible = 0;
			defaultConfigurationName = Release;
		};
/* End XCConfigurationList section */
	};
	rootObject = 64F986442B5ABE2700B869F5 /* Project object */;
}
